// !$*UTF8*$!
{
	archiveVersion = 1;
	classes = {
	};
	objectVersion = 56;
	objects = {

/* Begin PBXBuildFile section */
		A562A6D929D1CFDD00C02C26 /* AppDelegate.swift in Sources */ = {isa = PBXBuildFile; fileRef = A562A6D829D1CFDD00C02C26 /* AppDelegate.swift */; };
		A562A6DB29D1CFDD00C02C26 /* SceneDelegate.swift in Sources */ = {isa = PBXBuildFile; fileRef = A562A6DA29D1CFDD00C02C26 /* SceneDelegate.swift */; };
		A562A6DD29D1CFDD00C02C26 /* UsersListViewController.swift in Sources */ = {isa = PBXBuildFile; fileRef = A562A6DC29D1CFDD00C02C26 /* UsersListViewController.swift */; };
		A562A6E229D1CFDF00C02C26 /* Assets.xcassets in Resources */ = {isa = PBXBuildFile; fileRef = A562A6E129D1CFDF00C02C26 /* Assets.xcassets */; };
		A562A6E529D1CFDF00C02C26 /* LaunchScreen.storyboard in Resources */ = {isa = PBXBuildFile; fileRef = A562A6E329D1CFDF00C02C26 /* LaunchScreen.storyboard */; };
		A562A6F029D1CFDF00C02C26 /* More_TestTests.swift in Sources */ = {isa = PBXBuildFile; fileRef = A562A6EF29D1CFDF00C02C26 /* More_TestTests.swift */; };
		A562A6FA29D1CFDF00C02C26 /* More_TestUITests.swift in Sources */ = {isa = PBXBuildFile; fileRef = A562A6F929D1CFDF00C02C26 /* More_TestUITests.swift */; };
		A562A6FC29D1CFDF00C02C26 /* More_TestUITestsLaunchTests.swift in Sources */ = {isa = PBXBuildFile; fileRef = A562A6FB29D1CFDF00C02C26 /* More_TestUITestsLaunchTests.swift */; };
		A562A70A29D1D0EE00C02C26 /* SnapKit in Frameworks */ = {isa = PBXBuildFile; productRef = A562A70929D1D0EE00C02C26 /* SnapKit */; };
		A562A70C29D1D22600C02C26 /* User.swift in Sources */ = {isa = PBXBuildFile; fileRef = A562A70B29D1D22600C02C26 /* User.swift */; };
		A562A70E29D1D38D00C02C26 /* UserCell.swift in Sources */ = {isa = PBXBuildFile; fileRef = A562A70D29D1D38D00C02C26 /* UserCell.swift */; };
		A562A71029D2088400C02C26 /* UserInfoViewController.swift in Sources */ = {isa = PBXBuildFile; fileRef = A562A70F29D2088400C02C26 /* UserInfoViewController.swift */; };
		A562A71529D209A100C02C26 /* ProfilePhotoCell.swift in Sources */ = {isa = PBXBuildFile; fileRef = A562A71429D209A100C02C26 /* ProfilePhotoCell.swift */; };
		A562A71729D20A3F00C02C26 /* PersonalInfoCell.swift in Sources */ = {isa = PBXBuildFile; fileRef = A562A71629D20A3F00C02C26 /* PersonalInfoCell.swift */; };
		A562A71929D20A4C00C02C26 /* UserInfoCell.swift in Sources */ = {isa = PBXBuildFile; fileRef = A562A71829D20A4C00C02C26 /* UserInfoCell.swift */; };
/* End PBXBuildFile section */

/* Begin PBXContainerItemProxy section */
		A562A6EC29D1CFDF00C02C26 /* PBXContainerItemProxy */ = {
			isa = PBXContainerItemProxy;
			containerPortal = A562A6CD29D1CFDD00C02C26 /* Project object */;
			proxyType = 1;
			remoteGlobalIDString = A562A6D429D1CFDD00C02C26;
			remoteInfo = More_Test;
		};
		A562A6F629D1CFDF00C02C26 /* PBXContainerItemProxy */ = {
			isa = PBXContainerItemProxy;
			containerPortal = A562A6CD29D1CFDD00C02C26 /* Project object */;
			proxyType = 1;
			remoteGlobalIDString = A562A6D429D1CFDD00C02C26;
			remoteInfo = More_Test;
		};
/* End PBXContainerItemProxy section */

/* Begin PBXFileReference section */
		A562A6D529D1CFDD00C02C26 /* More_Test.app */ = {isa = PBXFileReference; explicitFileType = wrapper.application; includeInIndex = 0; path = More_Test.app; sourceTree = BUILT_PRODUCTS_DIR; };
		A562A6D829D1CFDD00C02C26 /* AppDelegate.swift */ = {isa = PBXFileReference; lastKnownFileType = sourcecode.swift; path = AppDelegate.swift; sourceTree = "<group>"; };
		A562A6DA29D1CFDD00C02C26 /* SceneDelegate.swift */ = {isa = PBXFileReference; lastKnownFileType = sourcecode.swift; path = SceneDelegate.swift; sourceTree = "<group>"; };
		A562A6DC29D1CFDD00C02C26 /* UsersListViewController.swift */ = {isa = PBXFileReference; lastKnownFileType = sourcecode.swift; path = UsersListViewController.swift; sourceTree = "<group>"; };
		A562A6E129D1CFDF00C02C26 /* Assets.xcassets */ = {isa = PBXFileReference; lastKnownFileType = folder.assetcatalog; path = Assets.xcassets; sourceTree = "<group>"; };
		A562A6E429D1CFDF00C02C26 /* Base */ = {isa = PBXFileReference; lastKnownFileType = file.storyboard; name = Base; path = Base.lproj/LaunchScreen.storyboard; sourceTree = "<group>"; };
		A562A6E629D1CFDF00C02C26 /* Info.plist */ = {isa = PBXFileReference; lastKnownFileType = text.plist.xml; path = Info.plist; sourceTree = "<group>"; };
		A562A6EB29D1CFDF00C02C26 /* More_TestTests.xctest */ = {isa = PBXFileReference; explicitFileType = wrapper.cfbundle; includeInIndex = 0; path = More_TestTests.xctest; sourceTree = BUILT_PRODUCTS_DIR; };
		A562A6EF29D1CFDF00C02C26 /* More_TestTests.swift */ = {isa = PBXFileReference; lastKnownFileType = sourcecode.swift; path = More_TestTests.swift; sourceTree = "<group>"; };
		A562A6F529D1CFDF00C02C26 /* More_TestUITests.xctest */ = {isa = PBXFileReference; explicitFileType = wrapper.cfbundle; includeInIndex = 0; path = More_TestUITests.xctest; sourceTree = BUILT_PRODUCTS_DIR; };
		A562A6F929D1CFDF00C02C26 /* More_TestUITests.swift */ = {isa = PBXFileReference; lastKnownFileType = sourcecode.swift; path = More_TestUITests.swift; sourceTree = "<group>"; };
		A562A6FB29D1CFDF00C02C26 /* More_TestUITestsLaunchTests.swift */ = {isa = PBXFileReference; lastKnownFileType = sourcecode.swift; path = More_TestUITestsLaunchTests.swift; sourceTree = "<group>"; };
		A562A70B29D1D22600C02C26 /* User.swift */ = {isa = PBXFileReference; lastKnownFileType = sourcecode.swift; path = User.swift; sourceTree = "<group>"; };
		A562A70D29D1D38D00C02C26 /* UserCell.swift */ = {isa = PBXFileReference; lastKnownFileType = sourcecode.swift; path = UserCell.swift; sourceTree = "<group>"; };
		A562A70F29D2088400C02C26 /* UserInfoViewController.swift */ = {isa = PBXFileReference; lastKnownFileType = sourcecode.swift; path = UserInfoViewController.swift; sourceTree = "<group>"; };
		A562A71429D209A100C02C26 /* ProfilePhotoCell.swift */ = {isa = PBXFileReference; lastKnownFileType = sourcecode.swift; path = ProfilePhotoCell.swift; sourceTree = "<group>"; };
		A562A71629D20A3F00C02C26 /* PersonalInfoCell.swift */ = {isa = PBXFileReference; lastKnownFileType = sourcecode.swift; path = PersonalInfoCell.swift; sourceTree = "<group>"; };
		A562A71829D20A4C00C02C26 /* UserInfoCell.swift */ = {isa = PBXFileReference; lastKnownFileType = sourcecode.swift; path = UserInfoCell.swift; sourceTree = "<group>"; };
/* End PBXFileReference section */

/* Begin PBXFrameworksBuildPhase section */
		A562A6D229D1CFDD00C02C26 /* Frameworks */ = {
			isa = PBXFrameworksBuildPhase;
			buildActionMask = 2147483647;
			files = (
				A562A70A29D1D0EE00C02C26 /* SnapKit in Frameworks */,
			);
			runOnlyForDeploymentPostprocessing = 0;
		};
		A562A6E829D1CFDF00C02C26 /* Frameworks */ = {
			isa = PBXFrameworksBuildPhase;
			buildActionMask = 2147483647;
			files = (
			);
			runOnlyForDeploymentPostprocessing = 0;
		};
		A562A6F229D1CFDF00C02C26 /* Frameworks */ = {
			isa = PBXFrameworksBuildPhase;
			buildActionMask = 2147483647;
			files = (
			);
			runOnlyForDeploymentPostprocessing = 0;
		};
/* End PBXFrameworksBuildPhase section */

/* Begin PBXGroup section */
		A562A6CC29D1CFDD00C02C26 = {
			isa = PBXGroup;
			children = (
				A562A6D729D1CFDD00C02C26 /* More_Test */,
				A562A6EE29D1CFDF00C02C26 /* More_TestTests */,
				A562A6F829D1CFDF00C02C26 /* More_TestUITests */,
				A562A6D629D1CFDD00C02C26 /* Products */,
			);
			sourceTree = "<group>";
		};
		A562A6D629D1CFDD00C02C26 /* Products */ = {
			isa = PBXGroup;
			children = (
				A562A6D529D1CFDD00C02C26 /* More_Test.app */,
				A562A6EB29D1CFDF00C02C26 /* More_TestTests.xctest */,
				A562A6F529D1CFDF00C02C26 /* More_TestUITests.xctest */,
			);
			name = Products;
			sourceTree = "<group>";
		};
		A562A6D729D1CFDD00C02C26 /* More_Test */ = {
			isa = PBXGroup;
			children = (
				A562A6D829D1CFDD00C02C26 /* AppDelegate.swift */,
				A562A6DA29D1CFDD00C02C26 /* SceneDelegate.swift */,
				A562A71129D2095F00C02C26 /* UsersList */,
				A562A71229D2096D00C02C26 /* UserInfo */,
				A562A71329D2097900C02C26 /* Models */,
				A562A6E129D1CFDF00C02C26 /* Assets.xcassets */,
				A562A6E329D1CFDF00C02C26 /* LaunchScreen.storyboard */,
				A562A6E629D1CFDF00C02C26 /* Info.plist */,
			);
			path = More_Test;
			sourceTree = "<group>";
		};
		A562A6EE29D1CFDF00C02C26 /* More_TestTests */ = {
			isa = PBXGroup;
			children = (
				A562A6EF29D1CFDF00C02C26 /* More_TestTests.swift */,
			);
			path = More_TestTests;
			sourceTree = "<group>";
		};
		A562A6F829D1CFDF00C02C26 /* More_TestUITests */ = {
			isa = PBXGroup;
			children = (
				A562A6F929D1CFDF00C02C26 /* More_TestUITests.swift */,
				A562A6FB29D1CFDF00C02C26 /* More_TestUITestsLaunchTests.swift */,
			);
			path = More_TestUITests;
			sourceTree = "<group>";
		};
		A562A71129D2095F00C02C26 /* UsersList */ = {
			isa = PBXGroup;
			children = (
				A562A6DC29D1CFDD00C02C26 /* UsersListViewController.swift */,
				A562A70D29D1D38D00C02C26 /* UserCell.swift */,
			);
			path = UsersList;
			sourceTree = "<group>";
		};
		A562A71229D2096D00C02C26 /* UserInfo */ = {
			isa = PBXGroup;
			children = (
				A562A70F29D2088400C02C26 /* UserInfoViewController.swift */,
				A562A71429D209A100C02C26 /* ProfilePhotoCell.swift */,
				A562A71629D20A3F00C02C26 /* PersonalInfoCell.swift */,
				A562A71829D20A4C00C02C26 /* UserInfoCell.swift */,
			);
			path = UserInfo;
			sourceTree = "<group>";
		};
		A562A71329D2097900C02C26 /* Models */ = {
			isa = PBXGroup;
			children = (
				A562A70B29D1D22600C02C26 /* User.swift */,
			);
			path = Models;
			sourceTree = "<group>";
		};
/* End PBXGroup section */

/* Begin PBXNativeTarget section */
		A562A6D429D1CFDD00C02C26 /* More_Test */ = {
			isa = PBXNativeTarget;
			buildConfigurationList = A562A6FF29D1CFDF00C02C26 /* Build configuration list for PBXNativeTarget "More_Test" */;
			buildPhases = (
				A562A6D129D1CFDD00C02C26 /* Sources */,
				A562A6D229D1CFDD00C02C26 /* Frameworks */,
				A562A6D329D1CFDD00C02C26 /* Resources */,
			);
			buildRules = (
			);
			dependencies = (
			);
			name = More_Test;
			packageProductDependencies = (
				A562A70929D1D0EE00C02C26 /* SnapKit */,
			);
			productName = More_Test;
			productReference = A562A6D529D1CFDD00C02C26 /* More_Test.app */;
			productType = "com.apple.product-type.application";
		};
		A562A6EA29D1CFDF00C02C26 /* More_TestTests */ = {
			isa = PBXNativeTarget;
			buildConfigurationList = A562A70229D1CFDF00C02C26 /* Build configuration list for PBXNativeTarget "More_TestTests" */;
			buildPhases = (
				A562A6E729D1CFDF00C02C26 /* Sources */,
				A562A6E829D1CFDF00C02C26 /* Frameworks */,
				A562A6E929D1CFDF00C02C26 /* Resources */,
			);
			buildRules = (
			);
			dependencies = (
				A562A6ED29D1CFDF00C02C26 /* PBXTargetDependency */,
			);
			name = More_TestTests;
			productName = More_TestTests;
			productReference = A562A6EB29D1CFDF00C02C26 /* More_TestTests.xctest */;
			productType = "com.apple.product-type.bundle.unit-test";
		};
		A562A6F429D1CFDF00C02C26 /* More_TestUITests */ = {
			isa = PBXNativeTarget;
			buildConfigurationList = A562A70529D1CFDF00C02C26 /* Build configuration list for PBXNativeTarget "More_TestUITests" */;
			buildPhases = (
				A562A6F129D1CFDF00C02C26 /* Sources */,
				A562A6F229D1CFDF00C02C26 /* Frameworks */,
				A562A6F329D1CFDF00C02C26 /* Resources */,
			);
			buildRules = (
			);
			dependencies = (
				A562A6F729D1CFDF00C02C26 /* PBXTargetDependency */,
			);
			name = More_TestUITests;
			productName = More_TestUITests;
			productReference = A562A6F529D1CFDF00C02C26 /* More_TestUITests.xctest */;
			productType = "com.apple.product-type.bundle.ui-testing";
		};
/* End PBXNativeTarget section */

/* Begin PBXProject section */
		A562A6CD29D1CFDD00C02C26 /* Project object */ = {
			isa = PBXProject;
			attributes = {
				BuildIndependentTargetsInParallel = 1;
				LastSwiftUpdateCheck = 1400;
				LastUpgradeCheck = 1400;
				TargetAttributes = {
					A562A6D429D1CFDD00C02C26 = {
						CreatedOnToolsVersion = 14.0.1;
					};
					A562A6EA29D1CFDF00C02C26 = {
						CreatedOnToolsVersion = 14.0.1;
						TestTargetID = A562A6D429D1CFDD00C02C26;
					};
					A562A6F429D1CFDF00C02C26 = {
						CreatedOnToolsVersion = 14.0.1;
						TestTargetID = A562A6D429D1CFDD00C02C26;
					};
				};
			};
			buildConfigurationList = A562A6D029D1CFDD00C02C26 /* Build configuration list for PBXProject "More_Test" */;
			compatibilityVersion = "Xcode 14.0";
			developmentRegion = en;
			hasScannedForEncodings = 0;
			knownRegions = (
				en,
				Base,
			);
			mainGroup = A562A6CC29D1CFDD00C02C26;
			packageReferences = (
				A562A70829D1D0EE00C02C26 /* XCRemoteSwiftPackageReference "SnapKit" */,
			);
			productRefGroup = A562A6D629D1CFDD00C02C26 /* Products */;
			projectDirPath = "";
			projectRoot = "";
			targets = (
				A562A6D429D1CFDD00C02C26 /* More_Test */,
				A562A6EA29D1CFDF00C02C26 /* More_TestTests */,
				A562A6F429D1CFDF00C02C26 /* More_TestUITests */,
			);
		};
/* End PBXProject section */

/* Begin PBXResourcesBuildPhase section */
		A562A6D329D1CFDD00C02C26 /* Resources */ = {
			isa = PBXResourcesBuildPhase;
			buildActionMask = 2147483647;
			files = (
				A562A6E529D1CFDF00C02C26 /* LaunchScreen.storyboard in Resources */,
				A562A6E229D1CFDF00C02C26 /* Assets.xcassets in Resources */,
			);
			runOnlyForDeploymentPostprocessing = 0;
		};
		A562A6E929D1CFDF00C02C26 /* Resources */ = {
			isa = PBXResourcesBuildPhase;
			buildActionMask = 2147483647;
			files = (
			);
			runOnlyForDeploymentPostprocessing = 0;
		};
		A562A6F329D1CFDF00C02C26 /* Resources */ = {
			isa = PBXResourcesBuildPhase;
			buildActionMask = 2147483647;
			files = (
			);
			runOnlyForDeploymentPostprocessing = 0;
		};
/* End PBXResourcesBuildPhase section */

/* Begin PBXSourcesBuildPhase section */
		A562A6D129D1CFDD00C02C26 /* Sources */ = {
			isa = PBXSourcesBuildPhase;
			buildActionMask = 2147483647;
			files = (
				A562A70C29D1D22600C02C26 /* User.swift in Sources */,
				A562A71729D20A3F00C02C26 /* PersonalInfoCell.swift in Sources */,
				A562A71029D2088400C02C26 /* UserInfoViewController.swift in Sources */,
				A562A71529D209A100C02C26 /* ProfilePhotoCell.swift in Sources */,
				A562A6DD29D1CFDD00C02C26 /* UsersListViewController.swift in Sources */,
				A562A6D929D1CFDD00C02C26 /* AppDelegate.swift in Sources */,
				A562A70E29D1D38D00C02C26 /* UserCell.swift in Sources */,
				A562A6DB29D1CFDD00C02C26 /* SceneDelegate.swift in Sources */,
				A562A71929D20A4C00C02C26 /* UserInfoCell.swift in Sources */,
			);
			runOnlyForDeploymentPostprocessing = 0;
		};
		A562A6E729D1CFDF00C02C26 /* Sources */ = {
			isa = PBXSourcesBuildPhase;
			buildActionMask = 2147483647;
			files = (
				A562A6F029D1CFDF00C02C26 /* More_TestTests.swift in Sources */,
			);
			runOnlyForDeploymentPostprocessing = 0;
		};
		A562A6F129D1CFDF00C02C26 /* Sources */ = {
			isa = PBXSourcesBuildPhase;
			buildActionMask = 2147483647;
			files = (
				A562A6FA29D1CFDF00C02C26 /* More_TestUITests.swift in Sources */,
				A562A6FC29D1CFDF00C02C26 /* More_TestUITestsLaunchTests.swift in Sources */,
			);
			runOnlyForDeploymentPostprocessing = 0;
		};
/* End PBXSourcesBuildPhase section */

/* Begin PBXTargetDependency section */
		A562A6ED29D1CFDF00C02C26 /* PBXTargetDependency */ = {
			isa = PBXTargetDependency;
			target = A562A6D429D1CFDD00C02C26 /* More_Test */;
			targetProxy = A562A6EC29D1CFDF00C02C26 /* PBXContainerItemProxy */;
		};
		A562A6F729D1CFDF00C02C26 /* PBXTargetDependency */ = {
			isa = PBXTargetDependency;
			target = A562A6D429D1CFDD00C02C26 /* More_Test */;
			targetProxy = A562A6F629D1CFDF00C02C26 /* PBXContainerItemProxy */;
		};
/* End PBXTargetDependency section */

/* Begin PBXVariantGroup section */
		A562A6E329D1CFDF00C02C26 /* LaunchScreen.storyboard */ = {
			isa = PBXVariantGroup;
			children = (
				A562A6E429D1CFDF00C02C26 /* Base */,
			);
			name = LaunchScreen.storyboard;
			sourceTree = "<group>";
		};
/* End PBXVariantGroup section */

/* Begin XCBuildConfiguration section */
		A562A6FD29D1CFDF00C02C26 /* Debug */ = {
			isa = XCBuildConfiguration;
			buildSettings = {
				ALWAYS_SEARCH_USER_PATHS = NO;
				CLANG_ANALYZER_NONNULL = YES;
				CLANG_ANALYZER_NUMBER_OBJECT_CONVERSION = YES_AGGRESSIVE;
				CLANG_CXX_LANGUAGE_STANDARD = "gnu++20";
				CLANG_ENABLE_MODULES = YES;
				CLANG_ENABLE_OBJC_ARC = YES;
				CLANG_ENABLE_OBJC_WEAK = YES;
				CLANG_WARN_BLOCK_CAPTURE_AUTORELEASING = YES;
				CLANG_WARN_BOOL_CONVERSION = YES;
				CLANG_WARN_COMMA = YES;
				CLANG_WARN_CONSTANT_CONVERSION = YES;
				CLANG_WARN_DEPRECATED_OBJC_IMPLEMENTATIONS = YES;
				CLANG_WARN_DIRECT_OBJC_ISA_USAGE = YES_ERROR;
				CLANG_WARN_DOCUMENTATION_COMMENTS = YES;
				CLANG_WARN_EMPTY_BODY = YES;
				CLANG_WARN_ENUM_CONVERSION = YES;
				CLANG_WARN_INFINITE_RECURSION = YES;
				CLANG_WARN_INT_CONVERSION = YES;
				CLANG_WARN_NON_LITERAL_NULL_CONVERSION = YES;
				CLANG_WARN_OBJC_IMPLICIT_RETAIN_SELF = YES;
				CLANG_WARN_OBJC_LITERAL_CONVERSION = YES;
				CLANG_WARN_OBJC_ROOT_CLASS = YES_ERROR;
				CLANG_WARN_QUOTED_INCLUDE_IN_FRAMEWORK_HEADER = YES;
				CLANG_WARN_RANGE_LOOP_ANALYSIS = YES;
				CLANG_WARN_STRICT_PROTOTYPES = YES;
				CLANG_WARN_SUSPICIOUS_MOVE = YES;
				CLANG_WARN_UNGUARDED_AVAILABILITY = YES_AGGRESSIVE;
				CLANG_WARN_UNREACHABLE_CODE = YES;
				CLANG_WARN__DUPLICATE_METHOD_MATCH = YES;
				COPY_PHASE_STRIP = NO;
				DEBUG_INFORMATION_FORMAT = dwarf;
				ENABLE_STRICT_OBJC_MSGSEND = YES;
				ENABLE_TESTABILITY = YES;
				GCC_C_LANGUAGE_STANDARD = gnu11;
				GCC_DYNAMIC_NO_PIC = NO;
				GCC_NO_COMMON_BLOCKS = YES;
				GCC_OPTIMIZATION_LEVEL = 0;
				GCC_PREPROCESSOR_DEFINITIONS = (
					"DEBUG=1",
					"$(inherited)",
				);
				GCC_WARN_64_TO_32_BIT_CONVERSION = YES;
				GCC_WARN_ABOUT_RETURN_TYPE = YES_ERROR;
				GCC_WARN_UNDECLARED_SELECTOR = YES;
				GCC_WARN_UNINITIALIZED_AUTOS = YES_AGGRESSIVE;
				GCC_WARN_UNUSED_FUNCTION = YES;
				GCC_WARN_UNUSED_VARIABLE = YES;
				IPHONEOS_DEPLOYMENT_TARGET = 16.0;
				MTL_ENABLE_DEBUG_INFO = INCLUDE_SOURCE;
				MTL_FAST_MATH = YES;
				ONLY_ACTIVE_ARCH = YES;
				SDKROOT = iphoneos;
				SWIFT_ACTIVE_COMPILATION_CONDITIONS = DEBUG;
				SWIFT_OPTIMIZATION_LEVEL = "-Onone";
			};
			name = Debug;
		};
		A562A6FE29D1CFDF00C02C26 /* Release */ = {
			isa = XCBuildConfiguration;
			buildSettings = {
				ALWAYS_SEARCH_USER_PATHS = NO;
				CLANG_ANALYZER_NONNULL = YES;
				CLANG_ANALYZER_NUMBER_OBJECT_CONVERSION = YES_AGGRESSIVE;
				CLANG_CXX_LANGUAGE_STANDARD = "gnu++20";
				CLANG_ENABLE_MODULES = YES;
				CLANG_ENABLE_OBJC_ARC = YES;
				CLANG_ENABLE_OBJC_WEAK = YES;
				CLANG_WARN_BLOCK_CAPTURE_AUTORELEASING = YES;
				CLANG_WARN_BOOL_CONVERSION = YES;
				CLANG_WARN_COMMA = YES;
				CLANG_WARN_CONSTANT_CONVERSION = YES;
				CLANG_WARN_DEPRECATED_OBJC_IMPLEMENTATIONS = YES;
				CLANG_WARN_DIRECT_OBJC_ISA_USAGE = YES_ERROR;
				CLANG_WARN_DOCUMENTATION_COMMENTS = YES;
				CLANG_WARN_EMPTY_BODY = YES;
				CLANG_WARN_ENUM_CONVERSION = YES;
				CLANG_WARN_INFINITE_RECURSION = YES;
				CLANG_WARN_INT_CONVERSION = YES;
				CLANG_WARN_NON_LITERAL_NULL_CONVERSION = YES;
				CLANG_WARN_OBJC_IMPLICIT_RETAIN_SELF = YES;
				CLANG_WARN_OBJC_LITERAL_CONVERSION = YES;
				CLANG_WARN_OBJC_ROOT_CLASS = YES_ERROR;
				CLANG_WARN_QUOTED_INCLUDE_IN_FRAMEWORK_HEADER = YES;
				CLANG_WARN_RANGE_LOOP_ANALYSIS = YES;
				CLANG_WARN_STRICT_PROTOTYPES = YES;
				CLANG_WARN_SUSPICIOUS_MOVE = YES;
				CLANG_WARN_UNGUARDED_AVAILABILITY = YES_AGGRESSIVE;
				CLANG_WARN_UNREACHABLE_CODE = YES;
				CLANG_WARN__DUPLICATE_METHOD_MATCH = YES;
				COPY_PHASE_STRIP = NO;
				DEBUG_INFORMATION_FORMAT = "dwarf-with-dsym";
				ENABLE_NS_ASSERTIONS = NO;
				ENABLE_STRICT_OBJC_MSGSEND = YES;
				GCC_C_LANGUAGE_STANDARD = gnu11;
				GCC_NO_COMMON_BLOCKS = YES;
				GCC_WARN_64_TO_32_BIT_CONVERSION = YES;
				GCC_WARN_ABOUT_RETURN_TYPE = YES_ERROR;
				GCC_WARN_UNDECLARED_SELECTOR = YES;
				GCC_WARN_UNINITIALIZED_AUTOS = YES_AGGRESSIVE;
				GCC_WARN_UNUSED_FUNCTION = YES;
				GCC_WARN_UNUSED_VARIABLE = YES;
				IPHONEOS_DEPLOYMENT_TARGET = 16.0;
				MTL_ENABLE_DEBUG_INFO = NO;
				MTL_FAST_MATH = YES;
				SDKROOT = iphoneos;
				SWIFT_COMPILATION_MODE = wholemodule;
				SWIFT_OPTIMIZATION_LEVEL = "-O";
				VALIDATE_PRODUCT = YES;
			};
			name = Release;
		};
		A562A70029D1CFDF00C02C26 /* Debug */ = {
			isa = XCBuildConfiguration;
			buildSettings = {
				ASSETCATALOG_COMPILER_APPICON_NAME = AppIcon;
				ASSETCATALOG_COMPILER_GLOBAL_ACCENT_COLOR_NAME = AccentColor;
				CODE_SIGN_STYLE = Automatic;
				CURRENT_PROJECT_VERSION = 1;
				DEVELOPMENT_TEAM = T89X3T8CX6;
				GENERATE_INFOPLIST_FILE = YES;
				INFOPLIST_FILE = More_Test/Info.plist;
				INFOPLIST_KEY_UIApplicationSupportsIndirectInputEvents = YES;
				INFOPLIST_KEY_UILaunchStoryboardName = LaunchScreen;
				INFOPLIST_KEY_UISupportedInterfaceOrientations_iPad = "UIInterfaceOrientationPortrait UIInterfaceOrientationPortraitUpsideDown UIInterfaceOrientationLandscapeLeft UIInterfaceOrientationLandscapeRight";
				INFOPLIST_KEY_UISupportedInterfaceOrientations_iPhone = "UIInterfaceOrientationPortrait UIInterfaceOrientationLandscapeLeft UIInterfaceOrientationLandscapeRight";
				LD_RUNPATH_SEARCH_PATHS = (
					"$(inherited)",
					"@executable_path/Frameworks",
				);
				MARKETING_VERSION = 1.0;
				PRODUCT_BUNDLE_IDENTIFIER = "-.More-Test";
				PRODUCT_NAME = "$(TARGET_NAME)";
				SWIFT_EMIT_LOC_STRINGS = YES;
				SWIFT_VERSION = 5.0;
				TARGETED_DEVICE_FAMILY = "1,2";
			};
			name = Debug;
		};
		A562A70129D1CFDF00C02C26 /* Release */ = {
			isa = XCBuildConfiguration;
			buildSettings = {
				ASSETCATALOG_COMPILER_APPICON_NAME = AppIcon;
				ASSETCATALOG_COMPILER_GLOBAL_ACCENT_COLOR_NAME = AccentColor;
				CODE_SIGN_STYLE = Automatic;
				CURRENT_PROJECT_VERSION = 1;
				DEVELOPMENT_TEAM = T89X3T8CX6;
				GENERATE_INFOPLIST_FILE = YES;
				INFOPLIST_FILE = More_Test/Info.plist;
				INFOPLIST_KEY_UIApplicationSupportsIndirectInputEvents = YES;
				INFOPLIST_KEY_UILaunchStoryboardName = LaunchScreen;
				INFOPLIST_KEY_UISupportedInterfaceOrientations_iPad = "UIInterfaceOrientationPortrait UIInterfaceOrientationPortraitUpsideDown UIInterfaceOrientationLandscapeLeft UIInterfaceOrientationLandscapeRight";
				INFOPLIST_KEY_UISupportedInterfaceOrientations_iPhone = "UIInterfaceOrientationPortrait UIInterfaceOrientationLandscapeLeft UIInterfaceOrientationLandscapeRight";
				LD_RUNPATH_SEARCH_PATHS = (
					"$(inherited)",
					"@executable_path/Frameworks",
				);
				MARKETING_VERSION = 1.0;
				PRODUCT_BUNDLE_IDENTIFIER = "-.More-Test";
				PRODUCT_NAME = "$(TARGET_NAME)";
				SWIFT_EMIT_LOC_STRINGS = YES;
				SWIFT_VERSION = 5.0;
				TARGETED_DEVICE_FAMILY = "1,2";
			};
			name = Release;
		};
		A562A70329D1CFDF00C02C26 /* Debug */ = {
			isa = XCBuildConfiguration;
			buildSettings = {
				ALWAYS_EMBED_SWIFT_STANDARD_LIBRARIES = YES;
				BUNDLE_LOADER = "$(TEST_HOST)";
				CODE_SIGN_STYLE = Automatic;
				CURRENT_PROJECT_VERSION = 1;
				DEVELOPMENT_TEAM = T89X3T8CX6;
				GENERATE_INFOPLIST_FILE = YES;
				IPHONEOS_DEPLOYMENT_TARGET = 16.0;
				MARKETING_VERSION = 1.0;
				PRODUCT_BUNDLE_IDENTIFIER = "-.More-TestTests";
				PRODUCT_NAME = "$(TARGET_NAME)";
				SWIFT_EMIT_LOC_STRINGS = NO;
				SWIFT_VERSION = 5.0;
				TARGETED_DEVICE_FAMILY = "1,2";
				TEST_HOST = "$(BUILT_PRODUCTS_DIR)/More_Test.app/$(BUNDLE_EXECUTABLE_FOLDER_PATH)/More_Test";
			};
			name = Debug;
		};
		A562A70429D1CFDF00C02C26 /* Release */ = {
			isa = XCBuildConfiguration;
			buildSettings = {
				ALWAYS_EMBED_SWIFT_STANDARD_LIBRARIES = YES;
				BUNDLE_LOADER = "$(TEST_HOST)";
				CODE_SIGN_STYLE = Automatic;
				CURRENT_PROJECT_VERSION = 1;
				DEVELOPMENT_TEAM = T89X3T8CX6;
				GENERATE_INFOPLIST_FILE = YES;
				IPHONEOS_DEPLOYMENT_TARGET = 16.0;
				MARKETING_VERSION = 1.0;
				PRODUCT_BUNDLE_IDENTIFIER = "-.More-TestTests";
				PRODUCT_NAME = "$(TARGET_NAME)";
				SWIFT_EMIT_LOC_STRINGS = NO;
				SWIFT_VERSION = 5.0;
				TARGETED_DEVICE_FAMILY = "1,2";
				TEST_HOST = "$(BUILT_PRODUCTS_DIR)/More_Test.app/$(BUNDLE_EXECUTABLE_FOLDER_PATH)/More_Test";
			};
			name = Release;
		};
		A562A70629D1CFDF00C02C26 /* Debug */ = {
			isa = XCBuildConfiguration;
			buildSettings = {
				ALWAYS_EMBED_SWIFT_STANDARD_LIBRARIES = YES;
				CODE_SIGN_STYLE = Automatic;
				CURRENT_PROJECT_VERSION = 1;
				DEVELOPMENT_TEAM = T89X3T8CX6;
				GENERATE_INFOPLIST_FILE = YES;
				MARKETING_VERSION = 1.0;
				PRODUCT_BUNDLE_IDENTIFIER = "-.More-TestUITests";
				PRODUCT_NAME = "$(TARGET_NAME)";
				SWIFT_EMIT_LOC_STRINGS = NO;
				SWIFT_VERSION = 5.0;
				TARGETED_DEVICE_FAMILY = "1,2";
				TEST_TARGET_NAME = More_Test;
			};
			name = Debug;
		};
		A562A70729D1CFDF00C02C26 /* Release */ = {
			isa = XCBuildConfiguration;
			buildSettings = {
				ALWAYS_EMBED_SWIFT_STANDARD_LIBRARIES = YES;
				CODE_SIGN_STYLE = Automatic;
				CURRENT_PROJECT_VERSION = 1;
				DEVELOPMENT_TEAM = T89X3T8CX6;
				GENERATE_INFOPLIST_FILE = YES;
				MARKETING_VERSION = 1.0;
				PRODUCT_BUNDLE_IDENTIFIER = "-.More-TestUITests";
				PRODUCT_NAME = "$(TARGET_NAME)";
				SWIFT_EMIT_LOC_STRINGS = NO;
				SWIFT_VERSION = 5.0;
				TARGETED_DEVICE_FAMILY = "1,2";
				TEST_TARGET_NAME = More_Test;
			};
			name = Release;
		};
/* End XCBuildConfiguration section */

/* Begin XCConfigurationList section */
		A562A6D029D1CFDD00C02C26 /* Build configuration list for PBXProject "More_Test" */ = {
			isa = XCConfigurationList;
			buildConfigurations = (
				A562A6FD29D1CFDF00C02C26 /* Debug */,
				A562A6FE29D1CFDF00C02C26 /* Release */,
			);
			defaultConfigurationIsVisible = 0;
			defaultConfigurationName = Release;
		};
		A562A6FF29D1CFDF00C02C26 /* Build configuration list for PBXNativeTarget "More_Test" */ = {
			isa = XCConfigurationList;
			buildConfigurations = (
				A562A70029D1CFDF00C02C26 /* Debug */,
				A562A70129D1CFDF00C02C26 /* Release */,
			);
			defaultConfigurationIsVisible = 0;
			defaultConfigurationName = Release;
		};
		A562A70229D1CFDF00C02C26 /* Build configuration list for PBXNativeTarget "More_TestTests" */ = {
			isa = XCConfigurationList;
			buildConfigurations = (
				A562A70329D1CFDF00C02C26 /* Debug */,
				A562A70429D1CFDF00C02C26 /* Release */,
			);
			defaultConfigurationIsVisible = 0;
			defaultConfigurationName = Release;
		};
		A562A70529D1CFDF00C02C26 /* Build configuration list for PBXNativeTarget "More_TestUITests" */ = {
			isa = XCConfigurationList;
			buildConfigurations = (
				A562A70629D1CFDF00C02C26 /* Debug */,
				A562A70729D1CFDF00C02C26 /* Release */,
			);
			defaultConfigurationIsVisible = 0;
			defaultConfigurationName = Release;
		};
/* End XCConfigurationList section */

/* Begin XCRemoteSwiftPackageReference section */
		A562A70829D1D0EE00C02C26 /* XCRemoteSwiftPackageReference "SnapKit" */ = {
			isa = XCRemoteSwiftPackageReference;
			repositoryURL = "https://github.com/SnapKit/SnapKit";
			requirement = {
				kind = upToNextMajorVersion;
				minimumVersion = 5.0.0;
			};
		};
/* End XCRemoteSwiftPackageReference section */

/* Begin XCSwiftPackageProductDependency section */
		A562A70929D1D0EE00C02C26 /* SnapKit */ = {
			isa = XCSwiftPackageProductDependency;
			package = A562A70829D1D0EE00C02C26 /* XCRemoteSwiftPackageReference "SnapKit" */;
			productName = SnapKit;
		};
/* End XCSwiftPackageProductDependency section */
	};
	rootObject = A562A6CD29D1CFDD00C02C26 /* Project object */;
}
